
Microsoft Visual Studio Solution File, Format Version 12.00
# Visual Studio 15
VisualStudioVersion = 15.0.27428.2005
MinimumVisualStudioVersion = 10.0.40219.1
Project("{9092AA53-FB77-4645-B42D-1CCCA6BD08BD}") = "NTDDiagrams", "NTDDiagrams\NTDDiagrams.njsproj", "{2A323469-F52A-45D9-81B3-155C2011DFC5}"
EndProject
Global
	GlobalSection(SolutionConfigurationPlatforms) = preSolution
		Debug|Any CPU = Debug|Any CPU
		Release|Any CPU = Release|Any CPU
	EndGlobalSection
	GlobalSection(ProjectConfigurationPlatforms) = postSolution
		{2A323469-F52A-45D9-81B3-155C2011DFC5}.Debug|Any CPU.ActiveCfg = Debug|Any CPU
		{2A323469-F52A-45D9-81B3-155C2011DFC5}.Debug|Any CPU.Build.0 = Debug|Any CPU
		{2A323469-F52A-45D9-81B3-155C2011DFC5}.Release|Any CPU.ActiveCfg = Release|Any CPU
		{2A323469-F52A-45D9-81B3-155C2011DFC5}.Release|Any CPU.Build.0 = Release|Any CPU
	EndGlobalSection
	GlobalSection(SolutionProperties) = preSolution
		HideSolutionNode = FALSE
	EndGlobalSection
	GlobalSection(ExtensibilityGlobals) = postSolution
		SolutionGuid = {C6F97147-EC99-4D86-8000-5624FB139FBD}
	EndGlobalSection
EndGlobal
